
Microsoft Visual Studio Solution File, Format Version 12.00
# Visual Studio Version 16
VisualStudioVersion = 16.0.29509.3
MinimumVisualStudioVersion = 10.0.40219.1
Project("{FAE04EC0-301F-11D3-BF4B-00C04F79EFBC}") = "SumAdjacentEqualNumbers", "SumAdjacentEqualNumbers\SumAdjacentEqualNumbers.csproj", "{BC83A507-7C80-4E92-BED8-CED544AF8474}"
EndProject
Project("{FAE04EC0-301F-11D3-BF4B-00C04F79EFBC}") = "GaussTrick", "GaussTrick\GaussTrick.csproj", "{D9D024A0-7EF1-4261-8A59-EDEA4A40FC1D}"
EndProject
Project("{FAE04EC0-301F-11D3-BF4B-00C04F79EFBC}") = "MergingLists", "MergingLists\MergingLists.csproj", "{6C30F7AC-7B07-4174-9907-0BA0B0936A87}"
EndProject
Project("{FAE04EC0-301F-11D3-BF4B-00C04F79EFBC}") = "ListOfProducts", "ListOfProducts\ListOfProducts.csproj", "{688B5717-0B9A-4DAF-9FB3-6D99608A44BA}"
EndProject
Project("{FAE04EC0-301F-11D3-BF4B-00C04F79EFBC}") = "RemoveNegativesAndReverse", "RemoveNegativesAndReverse\RemoveNegativesAndReverse.csproj", "{CA214B4E-45A6-4A71-950D-F8810984CE4C}"
EndProject
Project("{FAE04EC0-301F-11D3-BF4B-00C04F79EFBC}") = "ListManipulationBasics", "ListManipulationBasics\ListManipulationBasics.csproj", "{8920989C-D3E6-4B53-9C91-87ED29284028}"
EndProject
Project("{FAE04EC0-301F-11D3-BF4B-00C04F79EFBC}") = "ListManipulationAdvanced", "ListManipulationAdvanced\ListManipulationAdvanced.csproj", "{7830B7AF-CD7D-4801-8B17-E60243B4D6A9}"
EndProject
Global
	GlobalSection(SolutionConfigurationPlatforms) = preSolution
		Debug|Any CPU = Debug|Any CPU
		Release|Any CPU = Release|Any CPU
	EndGlobalSection
	GlobalSection(ProjectConfigurationPlatforms) = postSolution
		{BC83A507-7C80-4E92-BED8-CED544AF8474}.Debug|Any CPU.ActiveCfg = Debug|Any CPU
		{BC83A507-7C80-4E92-BED8-CED544AF8474}.Debug|Any CPU.Build.0 = Debug|Any CPU
		{BC83A507-7C80-4E92-BED8-CED544AF8474}.Release|Any CPU.ActiveCfg = Release|Any CPU
		{BC83A507-7C80-4E92-BED8-CED544AF8474}.Release|Any CPU.Build.0 = Release|Any CPU
		{D9D024A0-7EF1-4261-8A59-EDEA4A40FC1D}.Debug|Any CPU.ActiveCfg = Debug|Any CPU
		{D9D024A0-7EF1-4261-8A59-EDEA4A40FC1D}.Debug|Any CPU.Build.0 = Debug|Any CPU
		{D9D024A0-7EF1-4261-8A59-EDEA4A40FC1D}.Release|Any CPU.ActiveCfg = Release|Any CPU
		{D9D024A0-7EF1-4261-8A59-EDEA4A40FC1D}.Release|Any CPU.Build.0 = Release|Any CPU
		{6C30F7AC-7B07-4174-9907-0BA0B0936A87}.Debug|Any CPU.ActiveCfg = Debug|Any CPU
		{6C30F7AC-7B07-4174-9907-0BA0B0936A87}.Debug|Any CPU.Build.0 = Debug|Any CPU
		{6C30F7AC-7B07-4174-9907-0BA0B0936A87}.Release|Any CPU.ActiveCfg = Release|Any CPU
		{6C30F7AC-7B07-4174-9907-0BA0B0936A87}.Release|Any CPU.Build.0 = Release|Any CPU
		{688B5717-0B9A-4DAF-9FB3-6D99608A44BA}.Debug|Any CPU.ActiveCfg = Debug|Any CPU
		{688B5717-0B9A-4DAF-9FB3-6D99608A44BA}.Debug|Any CPU.Build.0 = Debug|Any CPU
		{688B5717-0B9A-4DAF-9FB3-6D99608A44BA}.Release|Any CPU.ActiveCfg = Release|Any CPU
		{688B5717-0B9A-4DAF-9FB3-6D99608A44BA}.Release|Any CPU.Build.0 = Release|Any CPU
		{CA214B4E-45A6-4A71-950D-F8810984CE4C}.Debug|Any CPU.ActiveCfg = Debug|Any CPU
		{CA214B4E-45A6-4A71-950D-F8810984CE4C}.Debug|Any CPU.Build.0 = Debug|Any CPU
		{CA214B4E-45A6-4A71-950D-F8810984CE4C}.Release|Any CPU.ActiveCfg = Release|Any CPU
		{CA214B4E-45A6-4A71-950D-F8810984CE4C}.Release|Any CPU.Build.0 = Release|Any CPU
		{8920989C-D3E6-4B53-9C91-87ED29284028}.Debug|Any CPU.ActiveCfg = Debug|Any CPU
		{8920989C-D3E6-4B53-9C91-87ED29284028}.Debug|Any CPU.Build.0 = Debug|Any CPU
		{8920989C-D3E6-4B53-9C91-87ED29284028}.Release|Any CPU.ActiveCfg = Release|Any CPU
		{8920989C-D3E6-4B53-9C91-87ED29284028}.Release|Any CPU.Build.0 = Release|Any CPU
		{7830B7AF-CD7D-4801-8B17-E60243B4D6A9}.Debug|Any CPU.ActiveCfg = Debug|Any CPU
		{7830B7AF-CD7D-4801-8B17-E60243B4D6A9}.Debug|Any CPU.Build.0 = Debug|Any CPU
		{7830B7AF-CD7D-4801-8B17-E60243B4D6A9}.Release|Any CPU.ActiveCfg = Release|Any CPU
		{7830B7AF-CD7D-4801-8B17-E60243B4D6A9}.Release|Any CPU.Build.0 = Release|Any CPU
	EndGlobalSection
	GlobalSection(SolutionProperties) = preSolution
		HideSolutionNode = FALSE
	EndGlobalSection
	GlobalSection(ExtensibilityGlobals) = postSolution
		SolutionGuid = {F9E96119-5088-4320-B49B-B80C0096A1D4}
	EndGlobalSection
EndGlobal
